
Microsoft Visual Studio Solution File, Format Version 12.00
# Visual Studio Version 16
VisualStudioVersion = 16.0.30907.101
MinimumVisualStudioVersion = 10.0.40219.1
Project("{2150E333-8FDC-42A3-9474-1A3956D46DE8}") = "Modules", "Modules", "{FF17167A-0C80-470C-9AC2-C1CCAFAA3DFE}"
EndProject
Project("{9A19103F-16F7-4668-BE54-9A1E7A4F7556}") = "PanelDePon_WPF.Modules.ModuleName", "PanelDePon_WPF\Modules\PanelDePon_WPF.Modules.ModuleName\PanelDePon_WPF.Modules.ModuleName.csproj", "{567243C9-D952-4267-8B15-66BA97A6162E}"
EndProject
Project("{2150E333-8FDC-42A3-9474-1A3956D46DE8}") = "Services", "Services", "{F98ADE09-5B5E-43DE-AD51-DF568DC77B14}"
EndProject
Project("{9A19103F-16F7-4668-BE54-9A1E7A4F7556}") = "PanelDePon_WPF.Services", "PanelDePon_WPF\Services\PanelDePon_WPF.Services\PanelDePon_WPF.Services.csproj", "{54FF704B-A852-4AC9-9CC8-5F0A32A3EAF0}"
EndProject
Project("{9A19103F-16F7-4668-BE54-9A1E7A4F7556}") = "PanelDePon_WPF.Services.Interfaces", "PanelDePon_WPF\Services\PanelDePon_WPF.Services.Interfaces\PanelDePon_WPF.Services.Interfaces.csproj", "{0DB645B0-A426-42FD-8C5F-D94E3DBC361A}"
EndProject
Project("{9A19103F-16F7-4668-BE54-9A1E7A4F7556}") = "PanelDePon_WPF", "PanelDePon_WPF\PanelDePon_WPF\PanelDePon_WPF.csproj", "{ADA390D0-52CD-4BDE-81C9-0BBF1A4C9C9D}"
EndProject
Project("{9A19103F-16F7-4668-BE54-9A1E7A4F7556}") = "PanelDePon_WPF.Core", "PanelDePon_WPF\PanelDePon_WPF.Core\PanelDePon_WPF.Core.csproj", "{86F624E7-814C-468F-A30A-ACD08E31A1E0}"
EndProject
Project("{9A19103F-16F7-4668-BE54-9A1E7A4F7556}") = "PanelDePon_WPF.Modules.PanePonControls", "PanelDePon_WPF\Modules\PanelDePon_WPF.Modules.PanePonControls\PanelDePon_WPF.Modules.PanePonControls.csproj", "{3F869FFE-9485-4037-9368-62801B498D68}"
EndProject
Project("{FAE04EC0-301F-11D3-BF4B-00C04F79EFBC}") = "PanelDePon_Game", "PanelDePon_Game\PanelDePon_Game.csproj", "{697ED384-2C7D-4F30-B9F4-C6C2E8197AD5}"
EndProject
Global
	GlobalSection(SolutionConfigurationPlatforms) = preSolution
		Debug|Any CPU = Debug|Any CPU
		Release|Any CPU = Release|Any CPU
	EndGlobalSection
	GlobalSection(ProjectConfigurationPlatforms) = postSolution
		{567243C9-D952-4267-8B15-66BA97A6162E}.Debug|Any CPU.ActiveCfg = Debug|Any CPU
		{567243C9-D952-4267-8B15-66BA97A6162E}.Debug|Any CPU.Build.0 = Debug|Any CPU
		{567243C9-D952-4267-8B15-66BA97A6162E}.Release|Any CPU.ActiveCfg = Release|Any CPU
		{567243C9-D952-4267-8B15-66BA97A6162E}.Release|Any CPU.Build.0 = Release|Any CPU
		{54FF704B-A852-4AC9-9CC8-5F0A32A3EAF0}.Debug|Any CPU.ActiveCfg = Debug|Any CPU
		{54FF704B-A852-4AC9-9CC8-5F0A32A3EAF0}.Debug|Any CPU.Build.0 = Debug|Any CPU
		{54FF704B-A852-4AC9-9CC8-5F0A32A3EAF0}.Release|Any CPU.ActiveCfg = Release|Any CPU
		{54FF704B-A852-4AC9-9CC8-5F0A32A3EAF0}.Release|Any CPU.Build.0 = Release|Any CPU
		{0DB645B0-A426-42FD-8C5F-D94E3DBC361A}.Debug|Any CPU.ActiveCfg = Debug|Any CPU
		{0DB645B0-A426-42FD-8C5F-D94E3DBC361A}.Debug|Any CPU.Build.0 = Debug|Any CPU
		{0DB645B0-A426-42FD-8C5F-D94E3DBC361A}.Release|Any CPU.ActiveCfg = Release|Any CPU
		{0DB645B0-A426-42FD-8C5F-D94E3DBC361A}.Release|Any CPU.Build.0 = Release|Any CPU
		{ADA390D0-52CD-4BDE-81C9-0BBF1A4C9C9D}.Debug|Any CPU.ActiveCfg = Debug|Any CPU
		{ADA390D0-52CD-4BDE-81C9-0BBF1A4C9C9D}.Debug|Any CPU.Build.0 = Debug|Any CPU
		{ADA390D0-52CD-4BDE-81C9-0BBF1A4C9C9D}.Release|Any CPU.ActiveCfg = Release|Any CPU
		{ADA390D0-52CD-4BDE-81C9-0BBF1A4C9C9D}.Release|Any CPU.Build.0 = Release|Any CPU
		{86F624E7-814C-468F-A30A-ACD08E31A1E0}.Debug|Any CPU.ActiveCfg = Debug|Any CPU
		{86F624E7-814C-468F-A30A-ACD08E31A1E0}.Debug|Any CPU.Build.0 = Debug|Any CPU
		{86F624E7-814C-468F-A30A-ACD08E31A1E0}.Release|Any CPU.ActiveCfg = Release|Any CPU
		{86F624E7-814C-468F-A30A-ACD08E31A1E0}.Release|Any CPU.Build.0 = Release|Any CPU
		{3F869FFE-9485-4037-9368-62801B498D68}.Debug|Any CPU.ActiveCfg = Debug|Any CPU
		{3F869FFE-9485-4037-9368-62801B498D68}.Debug|Any CPU.Build.0 = Debug|Any CPU
		{3F869FFE-9485-4037-9368-62801B498D68}.Release|Any CPU.ActiveCfg = Release|Any CPU
		{3F869FFE-9485-4037-9368-62801B498D68}.Release|Any CPU.Build.0 = Release|Any CPU
		{697ED384-2C7D-4F30-B9F4-C6C2E8197AD5}.Debug|Any CPU.ActiveCfg = Debug|Any CPU
		{697ED384-2C7D-4F30-B9F4-C6C2E8197AD5}.Debug|Any CPU.Build.0 = Debug|Any CPU
		{697ED384-2C7D-4F30-B9F4-C6C2E8197AD5}.Release|Any CPU.ActiveCfg = Release|Any CPU
		{697ED384-2C7D-4F30-B9F4-C6C2E8197AD5}.Release|Any CPU.Build.0 = Release|Any CPU
	EndGlobalSection
	GlobalSection(SolutionProperties) = preSolution
		HideSolutionNode = FALSE
	EndGlobalSection
	GlobalSection(NestedProjects) = preSolution
		{567243C9-D952-4267-8B15-66BA97A6162E} = {FF17167A-0C80-470C-9AC2-C1CCAFAA3DFE}
		{54FF704B-A852-4AC9-9CC8-5F0A32A3EAF0} = {F98ADE09-5B5E-43DE-AD51-DF568DC77B14}
		{0DB645B0-A426-42FD-8C5F-D94E3DBC361A} = {F98ADE09-5B5E-43DE-AD51-DF568DC77B14}
		{3F869FFE-9485-4037-9368-62801B498D68} = {FF17167A-0C80-470C-9AC2-C1CCAFAA3DFE}
	EndGlobalSection
	GlobalSection(ExtensibilityGlobals) = postSolution
		SolutionGuid = {218372E4-674B-4901-BD3F-E7509B9198CF}
	EndGlobalSection
EndGlobal
